<?xml version="1.0" encoding="utf-8"?>
<Project ToolsVersion="4.0" xmlns="http://schemas.microsoft.com/developer/msbuild/2003">
  <ItemGroup>
    <ClCompile Include="main.cpp">
      <Filter>main</Filter>
    </ClCompile>
    <ClCompile Include="Drone.cpp">
      <Filter>Drone</Filter>
    </ClCompile>
  </ItemGroup>
  <ItemGroup>
    <Filter Include="main">
      <UniqueIdentifier>{265bfde7-cbc1-48e6-8168-b58e2d334aa4}</UniqueIdentifier>
    </Filter>
    <Filter Include="Drone">
      <UniqueIdentifier>{557ae7ab-dcbc-423b-bdee-963f745255ed}</UniqueIdentifier>
    </Filter>
  </ItemGroup>
  <ItemGroup>
    <ClInclude Include="Drone.h">
      <Filter>Drone</Filter>
    </ClInclude>
  </ItemGroup>
</Project>